
Microsoft Visual Studio Solution File, Format Version 12.00
# Visual Studio Version 17
VisualStudioVersion = 17.0.31903.59
MinimumVisualStudioVersion = 10.0.40219.1
Project("{FAE04EC0-301F-11D3-BF4B-00C04F79EFBC}") = "API", "API\API.csproj", "{C9BC0C9E-4A03-4A5B-A849-D31ECF63C64B}"
EndProject
Project("{FAE04EC0-301F-11D3-BF4B-00C04F79EFBC}") = "Application", "Application\Application.csproj", "{FA5D7434-F935-4D34-9C95-718DBB00689F}"
EndProject
Project("{FAE04EC0-301F-11D3-BF4B-00C04F79EFBC}") = "Domain", "Domain\Domain.csproj", "{6DF1AC4B-8897-487B-9D35-BB261415C94E}"
EndProject
Project("{FAE04EC0-301F-11D3-BF4B-00C04F79EFBC}") = "Persistence", "Persistence\Persistence.csproj", "{C86CDB37-C739-4128-BC57-3D988C142582}"
EndProject
Global
	GlobalSection(SolutionConfigurationPlatforms) = preSolution
		Debug|Any CPU = Debug|Any CPU
		Release|Any CPU = Release|Any CPU
	EndGlobalSection
	GlobalSection(SolutionProperties) = preSolution
		HideSolutionNode = FALSE
	EndGlobalSection
	GlobalSection(ProjectConfigurationPlatforms) = postSolution
		{C9BC0C9E-4A03-4A5B-A849-D31ECF63C64B}.Debug|Any CPU.ActiveCfg = Debug|Any CPU
		{C9BC0C9E-4A03-4A5B-A849-D31ECF63C64B}.Debug|Any CPU.Build.0 = Debug|Any CPU
		{C9BC0C9E-4A03-4A5B-A849-D31ECF63C64B}.Release|Any CPU.ActiveCfg = Release|Any CPU
		{C9BC0C9E-4A03-4A5B-A849-D31ECF63C64B}.Release|Any CPU.Build.0 = Release|Any CPU
		{FA5D7434-F935-4D34-9C95-718DBB00689F}.Debug|Any CPU.ActiveCfg = Debug|Any CPU
		{FA5D7434-F935-4D34-9C95-718DBB00689F}.Debug|Any CPU.Build.0 = Debug|Any CPU
		{FA5D7434-F935-4D34-9C95-718DBB00689F}.Release|Any CPU.ActiveCfg = Release|Any CPU
		{FA5D7434-F935-4D34-9C95-718DBB00689F}.Release|Any CPU.Build.0 = Release|Any CPU
		{6DF1AC4B-8897-487B-9D35-BB261415C94E}.Debug|Any CPU.ActiveCfg = Debug|Any CPU
		{6DF1AC4B-8897-487B-9D35-BB261415C94E}.Debug|Any CPU.Build.0 = Debug|Any CPU
		{6DF1AC4B-8897-487B-9D35-BB261415C94E}.Release|Any CPU.ActiveCfg = Release|Any CPU
		{6DF1AC4B-8897-487B-9D35-BB261415C94E}.Release|Any CPU.Build.0 = Release|Any CPU
		{C86CDB37-C739-4128-BC57-3D988C142582}.Debug|Any CPU.ActiveCfg = Debug|Any CPU
		{C86CDB37-C739-4128-BC57-3D988C142582}.Debug|Any CPU.Build.0 = Debug|Any CPU
		{C86CDB37-C739-4128-BC57-3D988C142582}.Release|Any CPU.ActiveCfg = Release|Any CPU
		{C86CDB37-C739-4128-BC57-3D988C142582}.Release|Any CPU.Build.0 = Release|Any CPU
	EndGlobalSection
EndGlobal
